
Microsoft Visual Studio Solution File, Format Version 12.00
# Visual Studio 15
VisualStudioVersion = 15.0.27130.2027
MinimumVisualStudioVersion = 10.0.40219.1
Project("{FAE04EC0-301F-11D3-BF4B-00C04F79EFBC}") = "NET.W.2018.Popivnenko.02", "NET.W.2018.Popivnenko.02\NET.W.2018.Popivnenko.02.csproj", "{0C1590A9-9024-4D15-906E-E23E68A8D0B5}"
EndProject
Project("{FAE04EC0-301F-11D3-BF4B-00C04F79EFBC}") = "NET.W.2018.Popivnenko.02.BitReplacerProj", "NET.W.2018.Popivnenko.02.BitReplacerProj\NET.W.2018.Popivnenko.02.BitReplacerProj.csproj", "{A6586700-1EF8-45B9-A8F0-C1B0875DFFCE}"
EndProject
Project("{FAE04EC0-301F-11D3-BF4B-00C04F79EFBC}") = "NET.W.2018.Popivnenko.02.ClosestNumberProj", "NET.W.2018.Popivnenko.02.ClosestNumberProj\NET.W.2018.Popivnenko.02.ClosestNumberProj.csproj", "{5A4809AB-4E36-4B22-977F-260CC2714426}"
EndProject
Project("{FAE04EC0-301F-11D3-BF4B-00C04F79EFBC}") = "NET.W.2018.Popivnenko.02.ListFilterProj", "NET.W.2018.Popivnenko.02.ListFilterProj\NET.W.2018.Popivnenko.02.ListFilterProj.csproj", "{95BD1E59-DC93-448E-B23E-2E340C94AEC0}"
EndProject
Project("{FAE04EC0-301F-11D3-BF4B-00C04F79EFBC}") = "NET.W.2018.Popivnenko.02.NewtonProj", "NET.W.2018.Popivnenko.02.NewtonProj\NET.W.2018.Popivnenko.02.NewtonProj.csproj", "{0FA88E01-561C-4A18-B42C-D49FCB0BDF45}"
EndProject
Global
	GlobalSection(SolutionConfigurationPlatforms) = preSolution
		Debug|Any CPU = Debug|Any CPU
		Release|Any CPU = Release|Any CPU
	EndGlobalSection
	GlobalSection(ProjectConfigurationPlatforms) = postSolution
		{0C1590A9-9024-4D15-906E-E23E68A8D0B5}.Debug|Any CPU.ActiveCfg = Debug|Any CPU
		{0C1590A9-9024-4D15-906E-E23E68A8D0B5}.Debug|Any CPU.Build.0 = Debug|Any CPU
		{0C1590A9-9024-4D15-906E-E23E68A8D0B5}.Release|Any CPU.ActiveCfg = Release|Any CPU
		{0C1590A9-9024-4D15-906E-E23E68A8D0B5}.Release|Any CPU.Build.0 = Release|Any CPU
		{A6586700-1EF8-45B9-A8F0-C1B0875DFFCE}.Debug|Any CPU.ActiveCfg = Debug|Any CPU
		{A6586700-1EF8-45B9-A8F0-C1B0875DFFCE}.Debug|Any CPU.Build.0 = Debug|Any CPU
		{A6586700-1EF8-45B9-A8F0-C1B0875DFFCE}.Release|Any CPU.ActiveCfg = Release|Any CPU
		{A6586700-1EF8-45B9-A8F0-C1B0875DFFCE}.Release|Any CPU.Build.0 = Release|Any CPU
		{5A4809AB-4E36-4B22-977F-260CC2714426}.Debug|Any CPU.ActiveCfg = Debug|Any CPU
		{5A4809AB-4E36-4B22-977F-260CC2714426}.Debug|Any CPU.Build.0 = Debug|Any CPU
		{5A4809AB-4E36-4B22-977F-260CC2714426}.Release|Any CPU.ActiveCfg = Release|Any CPU
		{5A4809AB-4E36-4B22-977F-260CC2714426}.Release|Any CPU.Build.0 = Release|Any CPU
		{95BD1E59-DC93-448E-B23E-2E340C94AEC0}.Debug|Any CPU.ActiveCfg = Debug|Any CPU
		{95BD1E59-DC93-448E-B23E-2E340C94AEC0}.Debug|Any CPU.Build.0 = Debug|Any CPU
		{95BD1E59-DC93-448E-B23E-2E340C94AEC0}.Release|Any CPU.ActiveCfg = Release|Any CPU
		{95BD1E59-DC93-448E-B23E-2E340C94AEC0}.Release|Any CPU.Build.0 = Release|Any CPU
		{0FA88E01-561C-4A18-B42C-D49FCB0BDF45}.Debug|Any CPU.ActiveCfg = Debug|Any CPU
		{0FA88E01-561C-4A18-B42C-D49FCB0BDF45}.Debug|Any CPU.Build.0 = Debug|Any CPU
		{0FA88E01-561C-4A18-B42C-D49FCB0BDF45}.Release|Any CPU.ActiveCfg = Release|Any CPU
		{0FA88E01-561C-4A18-B42C-D49FCB0BDF45}.Release|Any CPU.Build.0 = Release|Any CPU
	EndGlobalSection
	GlobalSection(SolutionProperties) = preSolution
		HideSolutionNode = FALSE
	EndGlobalSection
	GlobalSection(ExtensibilityGlobals) = postSolution
		SolutionGuid = {F407CF7D-0C88-4B0F-83A2-B2864E1304F5}
	EndGlobalSection
EndGlobal
